Microsoft Visual Studio Solution File, Format Version 12.00
# Visual Studio 2012
Project("{FAE04EC0-301F-11D3-BF4B-00C04F79EFBC}") = "MessyAIPlugin", "MessyAIPlugin.csproj", "{4897B747-2510-45AD-9094-787A79CFDAEF}"
EndProject
Global
	GlobalSection(SolutionConfigurationPlatforms) = preSolution
	Debug|Any CPU = Debug|Any CPU
	ExportDebug|Any CPU = ExportDebug|Any CPU
	ExportRelease|Any CPU = ExportRelease|Any CPU
	EndGlobalSection
	GlobalSection(ProjectConfigurationPlatforms) = postSolution
		{4897B747-2510-45AD-9094-787A79CFDAEF}.Debug|Any CPU.ActiveCfg = Debug|Any CPU
		{4897B747-2510-45AD-9094-787A79CFDAEF}.Debug|Any CPU.Build.0 = Debug|Any CPU
		{4897B747-2510-45AD-9094-787A79CFDAEF}.ExportDebug|Any CPU.ActiveCfg = ExportDebug|Any CPU
		{4897B747-2510-45AD-9094-787A79CFDAEF}.ExportDebug|Any CPU.Build.0 = ExportDebug|Any CPU
		{4897B747-2510-45AD-9094-787A79CFDAEF}.ExportRelease|Any CPU.ActiveCfg = ExportRelease|Any CPU
		{4897B747-2510-45AD-9094-787A79CFDAEF}.ExportRelease|Any CPU.Build.0 = ExportRelease|Any CPU
	EndGlobalSection
EndGlobal
